{
  "requires": true,
  "lockfileVersion": 1,
  "dependencies": {
    "case-sensitive-paths-webpack-plugin": {
      "version": "2.2.0",
      "resolved": "https://registry.npmjs.org/case-sensitive-paths-webpack-plugin/-/case-sensitive-paths-webpack-plugin-2.2.0.tgz",
      "integrity": "sha512-u5ElzokS8A1pm9vM3/iDgTcI3xqHxuCao94Oz8etI3cf0Tio0p8izkDYbTIn09uP3yUUr6+veaE6IkjnTYS46g==",
      "dev": true
    }
  }
}
